
Microsoft Visual Studio Solution File, Format Version 12.00
# Visual Studio Version 17
VisualStudioVersion = 17.9.34407.89
MinimumVisualStudioVersion = 10.0.40219.1
Project("{FAE04EC0-301F-11D3-BF4B-00C04F79EFBC}") = "YaMusic.Minimal", "YaMusic.Minimal\YaMusic.Minimal.csproj", "{31AEB01F-DE4C-47C0-B8AC-AA30BB126271}"
EndProject
Global
	GlobalSection(SolutionConfigurationPlatforms) = preSolution
		Debug|Any CPU = Debug|Any CPU
		Release|Any CPU = Release|Any CPU
	EndGlobalSection
	GlobalSection(ProjectConfigurationPlatforms) = postSolution
		{31AEB01F-DE4C-47C0-B8AC-AA30BB126271}.Debug|Any CPU.ActiveCfg = Debug|Any CPU
		{31AEB01F-DE4C-47C0-B8AC-AA30BB126271}.Debug|Any CPU.Build.0 = Debug|Any CPU
		{31AEB01F-DE4C-47C0-B8AC-AA30BB126271}.Release|Any CPU.ActiveCfg = Release|Any CPU
		{31AEB01F-DE4C-47C0-B8AC-AA30BB126271}.Release|Any CPU.Build.0 = Release|Any CPU
	EndGlobalSection
	GlobalSection(SolutionProperties) = preSolution
		HideSolutionNode = FALSE
	EndGlobalSection
	GlobalSection(ExtensibilityGlobals) = postSolution
		SolutionGuid = {BCB66104-4022-4C18-A249-0E1D73164D5C}
	EndGlobalSection
EndGlobal
